{
  "nodes": {
    "nix-lefthook-bats-unit-src": {
      "flake": false,
      "locked": {
        "lastModified": 1780849239,
        "narHash": "sha256-g4OoePb0pnf3J9O/LnV/Yudq3Nq6lC3UAXI+Ebop9P0=",
        "ref": "refs/heads/main",
        "rev": "872ed7507d20fd2f03752e8e464b4607db523e07",
        "revCount": 37,
        "type": "git",
        "url": "https://github.com/pr0d1r2/nix-lefthook-bats-unit"
      },
      "original": {
        "type": "git",
        "url": "https://github.com/pr0d1r2/nix-lefthook-bats-unit"
      }
    },
    "nix-lefthook-deadnix-src": {
      "flake": false,
      "locked": {
        "lastModified": 1786445342,
        "narHash": "sha256-/rlqWgozsqivPOxhMKJ/hgZrIihznM/wBRGnY9OXNXQ=",
        "ref": "refs/heads/main",
        "rev": "15a592196ba5d7013db32d2e938ccd028ac08b49",
        "revCount": 42,
        "type": "git",
        "url": "https://github.com/pr0d1r2/nix-lefthook-deadnix"
      },
      "original": {
        "type": "git",
        "url": "https://github.com/pr0d1r2/nix-lefthook-deadnix"
      }
    },
    "nix-lefthook-editorconfig-checker-src": {
      "flake": false,
      "locked": {
        "lastModified": 1785941748,
        "narHash": "sha256-ZhayIL+ezx+PTun+ta2746714fsxjOe95RV0PVfSTSU=",
        "ref": "refs/heads/main",
        "rev": "ba3946defcf2be4297fb866a7ba7a359ff2b9bf4",
        "revCount": 54,
        "type": "git",
        "url": "https://github.com/pr0d1r2/nix-lefthook-editorconfig-checker"
      },
      "original": {
        "type": "git",
        "url": "https://github.com/pr0d1r2/nix-lefthook-editorconfig-checker"
      }
    },
    "nix-lefthook-file-size-check-src": {
      "flake": false,
      "locked": {
        "lastModified": 1780828050,
        "narHash": "sha256-2yK4ueOpXyXYT4hqhVYbRAAdRnlsDpQuO+XT6cR9ack=",
        "ref": "refs/heads/main",
        "rev": "f30fa4c19aaf68f1e9ad831d2b8e62863a3b6eb0",
        "revCount": 20,
        "type": "git",
        "url": "https://github.com/pr0d1r2/nix-lefthook-file-size-check"
      },
      "original": {
        "type": "git",
        "url": "https://github.com/pr0d1r2/nix-lefthook-file-size-check"
      }
    },
    "nix-lefthook-git-conflict-markers-src": {
      "flake": false,
      "locked": {
        "lastModified": 1780827879,
        "narHash": "sha256-RbB+NSq5YRk53ul3e16mriGsSYdiXfnPRWQTtvdPbgI=",
        "ref": "refs/heads/main",
        "rev": "1b849829d6de0a2f26fe32d89e76c3ebce02d1c9",
        "revCount": 29,
        "type": "git",
        "url": "https://github.com/pr0d1r2/nix-lefthook-git-conflict-markers"
      },
      "original": {
        "type": "git",
        "url": "https://github.com/pr0d1r2/nix-lefthook-git-conflict-markers"
      }
    },
    "nix-lefthook-git-no-local-paths-src": {
      "flake": false,
      "locked": {
        "lastModified": 1786764204,
        "narHash": "sha256-3H4sCa+HI/+hjQj/UGYxwdA6bwjR4To6iF3EankhYK8=",
        "ref": "refs/heads/main",
        "rev": "152c4cb3ac0d6300a0e75631b235c9a04df7808f",
        "revCount": 133,
        "type": "git",
        "url": "https://github.com/pr0d1r2/nix-lefthook-git-no-local-paths"
      },
      "original": {
        "type": "git",
        "url": "https://github.com/pr0d1r2/nix-lefthook-git-no-local-paths"
      }
    },
    "nix-lefthook-markdownlint-agentic-src": {
      "flake": false,
      "locked": {
        "lastModified": 1786456025,
        "narHash": "sha256-XzlsppDLVV//Vz4KuQLrj5QCoGBr5vFDj7/jHf8tTrM=",
        "ref": "refs/heads/main",
        "rev": "01ca54dfda53fe03d5b3ef2696545a9d64151992",
        "revCount": 47,
        "type": "git",
        "url": "https://github.com/pr0d1r2/nix-lefthook-markdownlint-agentic"
      },
      "original": {
        "type": "git",
        "url": "https://github.com/pr0d1r2/nix-lefthook-markdownlint-agentic"
      }
    },
    "nix-lefthook-markdownlint-src": {
      "flake": false,
      "locked": {
        "lastModified": 1786446589,
        "narHash": "sha256-vxGr7Q1PfYKfXU6XoXFed395naQ3pGumXQUkfQhLiB4=",
        "ref": "refs/heads/main",
        "rev": "acbf27b0b2a4b6f51044036947df1292b77e8dce",
        "revCount": 59,
        "type": "git",
        "url": "https://github.com/pr0d1r2/nix-lefthook-markdownlint"
      },
      "original": {
        "type": "git",
        "url": "https://github.com/pr0d1r2/nix-lefthook-markdownlint"
      }
    },
    "nix-lefthook-missing-final-newline-src": {
      "flake": false,
      "locked": {
        "lastModified": 1780832343,
        "narHash": "sha256-NAudHiYSMq0ChY6hg/PyRxhIoyANAxXWVaP47ixCiEo=",
        "ref": "refs/heads/main",
        "rev": "e1b1c3d0ca0c9a4241a915d1c72fff1f3b848376",
        "revCount": 22,
        "type": "git",
        "url": "https://github.com/pr0d1r2/nix-lefthook-missing-final-newline"
      },
      "original": {
        "type": "git",
        "url": "https://github.com/pr0d1r2/nix-lefthook-missing-final-newline"
      }
    },
    "nix-lefthook-nix-no-embedded-shell-src": {
      "flake": false,
      "locked": {
        "lastModified": 1786464005,
        "narHash": "sha256-OHXc4EJKhTlPGKj/k110Eza4SPKqk88/wQ7HJ99+6ZY=",
        "ref": "refs/heads/main",
        "rev": "584f094cf8cce7c4adc95d209046fcb5c3ed0889",
        "revCount": 56,
        "type": "git",
        "url": "https://github.com/pr0d1r2/nix-lefthook-nix-no-embedded-shell"
      },
      "original": {
        "type": "git",
        "url": "https://github.com/pr0d1r2/nix-lefthook-nix-no-embedded-shell"
      }
    },
    "nix-lefthook-nixfmt-src": {
      "flake": false,
      "locked": {
        "lastModified": 1785296795,
        "narHash": "sha256-BRgdgsjEaZoPj0VFVBmuTDNPaZ40FrPJukUHxlkQurU=",
        "ref": "refs/heads/main",
        "rev": "408679c4c1e08ed862915fb091bd6349dc21d1d9",
        "revCount": 65,
        "type": "git",
        "url": "https://github.com/pr0d1r2/nix-lefthook-nixfmt"
      },
      "original": {
        "type": "git",
        "url": "https://github.com/pr0d1r2/nix-lefthook-nixfmt"
      }
    },
    "nix-lefthook-shellcheck-src": {
      "flake": false,
      "locked": {
        "lastModified": 1780950579,
        "narHash": "sha256-yKZK8DT8jDvqzlDC99lrc4kOzjo/IHH1E21NgQhx96k=",
        "ref": "refs/heads/main",
        "rev": "52d9501160f6f65e8e20a557a52dbb95b0a9434f",
        "revCount": 11,
        "type": "git",
        "url": "https://github.com/pr0d1r2/nix-lefthook-shellcheck"
      },
      "original": {
        "type": "git",
        "url": "https://github.com/pr0d1r2/nix-lefthook-shellcheck"
      }
    },
    "nix-lefthook-shfmt-src": {
      "flake": false,
      "locked": {
        "lastModified": 1786961940,
        "narHash": "sha256-gSONd21e/XIWRMgk2CTMz46gtiHQndSi3Y44Kb3F/Vg=",
        "ref": "refs/heads/main",
        "rev": "e725fba965c55878c6a9b948a17bcd505de9f933",
        "revCount": 65,
        "type": "git",
        "url": "https://github.com/pr0d1r2/nix-lefthook-shfmt"
      },
      "original": {
        "type": "git",
        "url": "https://github.com/pr0d1r2/nix-lefthook-shfmt"
      }
    },
    "nix-lefthook-statix-src": {
      "flake": false,
      "locked": {
        "lastModified": 1786031300,
        "narHash": "sha256-ePN3crSwOtPn37FZ9L2aDaE+2KHFzPe9yhQdzS29Cfc=",
        "ref": "refs/heads/main",
        "rev": "8df3b5baa687c295ccb3c6b6e08dabe1bb0476df",
        "revCount": 55,
        "type": "git",
        "url": "https://github.com/pr0d1r2/nix-lefthook-statix"
      },
      "original": {
        "type": "git",
        "url": "https://github.com/pr0d1r2/nix-lefthook-statix"
      }
    },
    "nix-lefthook-trailing-whitespace-src": {
      "flake": false,
      "locked": {
        "lastModified": 1780829440,
        "narHash": "sha256-uJMmMbKxSTCTHbeyCnO8A/kNfCDKHv6e6cjZJYxpGeY=",
        "ref": "refs/heads/main",
        "rev": "5602aad490313efbc57dcea4cc13c15dfa430d3e",
        "revCount": 25,
        "type": "git",
        "url": "https://github.com/pr0d1r2/nix-lefthook-trailing-whitespace"
      },
      "original": {
        "type": "git",
        "url": "https://github.com/pr0d1r2/nix-lefthook-trailing-whitespace"
      }
    },
    "nix-lefthook-typos-src": {
      "flake": false,
      "locked": {
        "lastModified": 1786461761,
        "narHash": "sha256-23OREFiZLC1sV1/l9RdNqAyQGTKxNK+vsq/dtkixxcA=",
        "ref": "refs/heads/main",
        "rev": "9fcb860535c4cc18c5902fbac61e7164f2b4af24",
        "revCount": 49,
        "type": "git",
        "url": "https://github.com/pr0d1r2/nix-lefthook-typos"
      },
      "original": {
        "type": "git",
        "url": "https://github.com/pr0d1r2/nix-lefthook-typos"
      }
    },
    "nix-lefthook-yamllint-src": {
      "flake": false,
      "locked": {
        "lastModified": 1786443561,
        "narHash": "sha256-hqaK0nW8doGkzLRrALrgAdDB7oTPww7VxUHBnnqU/XA=",
        "ref": "refs/heads/main",
        "rev": "478a5c7e1a36c2f3b3983507fd1cde484f8cd23f",
        "revCount": 71,
        "type": "git",
        "url": "https://github.com/pr0d1r2/nix-lefthook-yamllint"
      },
      "original": {
        "type": "git",
        "url": "https://github.com/pr0d1r2/nix-lefthook-yamllint"
      }
    },
    "nixpkgs": {
      "locked": {
        "lastModified": 1786943417,
        "narHash": "sha256-b4qgjdFtlz5TAZ1Hi7DFJeqX3sjaDUnrwr9OO+O1rM0=",
        "owner": "NixOS",
        "repo": "nixpkgs",
        "rev": "0dd31db7e6dbf9ce05697c4545f6fe01accec994",
        "type": "github"
      },
      "original": {
        "owner": "NixOS",
        "ref": "nixos-26.05",
        "repo": "nixpkgs",
        "type": "github"
      }
    },
    "nixpkgs-lock": {
      "inputs": {
        "nixpkgs": "nixpkgs"
      },
      "locked": {
        "lastModified": 1786953279,
        "narHash": "sha256-VaqLfMIYLgtjSusde1fjyohFxmEVB3lzV1icd/akDYg=",
        "owner": "pr0d1r2",
        "repo": "nixpkgs-lock",
        "rev": "176324a6b4b5a903baa32938b35608758484de2c",
        "type": "github"
      },
      "original": {
        "owner": "pr0d1r2",
        "repo": "nixpkgs-lock",
        "type": "github"
      }
    },
    "root": {
      "inputs": {
        "nix-lefthook-bats-unit-src": "nix-lefthook-bats-unit-src",
        "nix-lefthook-deadnix-src": "nix-lefthook-deadnix-src",
        "nix-lefthook-editorconfig-checker-src": "nix-lefthook-editorconfig-checker-src",
        "nix-lefthook-file-size-check-src": "nix-lefthook-file-size-check-src",
        "nix-lefthook-git-conflict-markers-src": "nix-lefthook-git-conflict-markers-src",
        "nix-lefthook-git-no-local-paths-src": "nix-lefthook-git-no-local-paths-src",
        "nix-lefthook-markdownlint-agentic-src": "nix-lefthook-markdownlint-agentic-src",
        "nix-lefthook-markdownlint-src": "nix-lefthook-markdownlint-src",
        "nix-lefthook-missing-final-newline-src": "nix-lefthook-missing-final-newline-src",
        "nix-lefthook-nix-no-embedded-shell-src": "nix-lefthook-nix-no-embedded-shell-src",
        "nix-lefthook-nixfmt-src": "nix-lefthook-nixfmt-src",
        "nix-lefthook-shellcheck-src": "nix-lefthook-shellcheck-src",
        "nix-lefthook-shfmt-src": "nix-lefthook-shfmt-src",
        "nix-lefthook-statix-src": "nix-lefthook-statix-src",
        "nix-lefthook-trailing-whitespace-src": "nix-lefthook-trailing-whitespace-src",
        "nix-lefthook-typos-src": "nix-lefthook-typos-src",
        "nix-lefthook-yamllint-src": "nix-lefthook-yamllint-src",
        "nixpkgs": [
          "nixpkgs-lock",
          "nixpkgs"
        ],
        "nixpkgs-lock": "nixpkgs-lock"
      }
    }
  },
  "root": "root",
  "version": 7
}
